// !$*UTF8*$!
{
	archiveVersion = 1;
	classes = {
	};
	objectVersion = 55;
	objects = {

/* Begin PBXBuildFile section */
		3D07E411288EAE2600445429 /* APICaller.swift in Sources */ = {isa = PBXBuildFile; fileRef = 3D07E410288EAE2600445429 /* APICaller.swift */; };
		3D07E413288EB70D00445429 /* Title.swift in Sources */ = {isa = PBXBuildFile; fileRef = 3D07E412288EB70D00445429 /* Title.swift */; };
		3D07E415288ECCEF00445429 /* Extensions.swift in Sources */ = {isa = PBXBuildFile; fileRef = 3D07E414288ECCEF00445429 /* Extensions.swift */; };
		3D07E419288EF34200445429 /* TitleCollectionViewCell.swift in Sources */ = {isa = PBXBuildFile; fileRef = 3D07E418288EF34200445429 /* TitleCollectionViewCell.swift */; };
		3D07E41C288EF75700445429 /* SDWebImage in Frameworks */ = {isa = PBXBuildFile; productRef = 3D07E41B288EF75700445429 /* SDWebImage */; };
		3D07E41E288EF75700445429 /* SDWebImageMapKit in Frameworks */ = {isa = PBXBuildFile; productRef = 3D07E41D288EF75700445429 /* SDWebImageMapKit */; };
		3D2A1248288FC43300F878C5 /* TitleTableViewCell.swift in Sources */ = {isa = PBXBuildFile; fileRef = 3D2A1247288FC43300F878C5 /* TitleTableViewCell.swift */; };
		3D2A124A288FCB3E00F878C5 /* TitleViewModel.swift in Sources */ = {isa = PBXBuildFile; fileRef = 3D2A1249288FCB3E00F878C5 /* TitleViewModel.swift */; };
		3D2A124C28900F2900F878C5 /* SearchResultsViewController.swift in Sources */ = {isa = PBXBuildFile; fileRef = 3D2A124B28900F2900F878C5 /* SearchResultsViewController.swift */; };
		3D2A125028903F8300F878C5 /* YoutubeSearchResponse.swift in Sources */ = {isa = PBXBuildFile; fileRef = 3D2A124F28903F8300F878C5 /* YoutubeSearchResponse.swift */; };
		3D3C01AF2891244C002220F9 /* TitlePreviewViewController.swift in Sources */ = {isa = PBXBuildFile; fileRef = 3D3C01AE2891244C002220F9 /* TitlePreviewViewController.swift */; };
		3DADE6AD288D6DF4000C4EBE /* HeroheaderUIView.swift in Sources */ = {isa = PBXBuildFile; fileRef = 3DADE6AC288D6DF4000C4EBE /* HeroheaderUIView.swift */; };
		3DFF4CE12887D2B400D2F90D /* AppDelegate.swift in Sources */ = {isa = PBXBuildFile; fileRef = 3DFF4CE02887D2B400D2F90D /* AppDelegate.swift */; };
		3DFF4CE32887D2B400D2F90D /* SceneDelegate.swift in Sources */ = {isa = PBXBuildFile; fileRef = 3DFF4CE22887D2B400D2F90D /* SceneDelegate.swift */; };
		3DFF4CE52887D2B400D2F90D /* MainTabBarViewController.swift in Sources */ = {isa = PBXBuildFile; fileRef = 3DFF4CE42887D2B400D2F90D /* MainTabBarViewController.swift */; };
		3DFF4CEA2887D2B600D2F90D /* Assets.xcassets in Resources */ = {isa = PBXBuildFile; fileRef = 3DFF4CE92887D2B600D2F90D /* Assets.xcassets */; };
		3DFF4CED2887D2B600D2F90D /* LaunchScreen.storyboard in Resources */ = {isa = PBXBuildFile; fileRef = 3DFF4CEB2887D2B600D2F90D /* LaunchScreen.storyboard */; };
		3DFF4CF6288AA7F200D2F90D /* HomeViewController.swift in Sources */ = {isa = PBXBuildFile; fileRef = 3DFF4CF5288AA7F200D2F90D /* HomeViewController.swift */; };
		3DFF4CF8288AA87C00D2F90D /* UpcomingViewController.swift in Sources */ = {isa = PBXBuildFile; fileRef = 3DFF4CF7288AA87C00D2F90D /* UpcomingViewController.swift */; };
		3DFF4CFA288AA89E00D2F90D /* SearchViewController.swift in Sources */ = {isa = PBXBuildFile; fileRef = 3DFF4CF9288AA89E00D2F90D /* SearchViewController.swift */; };
		3DFF4CFC288AA8BB00D2F90D /* DownloadsViewController.swift in Sources */ = {isa = PBXBuildFile; fileRef = 3DFF4CFB288AA8BB00D2F90D /* DownloadsViewController.swift */; };
		3DFF4D03288ACE6300D2F90D /* CollectionTableViewCell.swift in Sources */ = {isa = PBXBuildFile; fileRef = 3DFF4D02288ACE6300D2F90D /* CollectionTableViewCell.swift */; };
/* End PBXBuildFile section */

/* Begin PBXFileReference section */
		3D07E410288EAE2600445429 /* APICaller.swift */ = {isa = PBXFileReference; lastKnownFileType = sourcecode.swift; path = APICaller.swift; sourceTree = "<group>"; };
		3D07E412288EB70D00445429 /* Title.swift */ = {isa = PBXFileReference; lastKnownFileType = sourcecode.swift; path = Title.swift; sourceTree = "<group>"; };
		3D07E414288ECCEF00445429 /* Extensions.swift */ = {isa = PBXFileReference; lastKnownFileType = sourcecode.swift; path = Extensions.swift; sourceTree = "<group>"; };
		3D07E418288EF34200445429 /* TitleCollectionViewCell.swift */ = {isa = PBXFileReference; lastKnownFileType = sourcecode.swift; path = TitleCollectionViewCell.swift; sourceTree = "<group>"; };
		3D2A1247288FC43300F878C5 /* TitleTableViewCell.swift */ = {isa = PBXFileReference; lastKnownFileType = sourcecode.swift; path = TitleTableViewCell.swift; sourceTree = "<group>"; };
		3D2A1249288FCB3E00F878C5 /* TitleViewModel.swift */ = {isa = PBXFileReference; lastKnownFileType = sourcecode.swift; path = TitleViewModel.swift; sourceTree = "<group>"; };
		3D2A124B28900F2900F878C5 /* SearchResultsViewController.swift */ = {isa = PBXFileReference; lastKnownFileType = sourcecode.swift; path = SearchResultsViewController.swift; sourceTree = "<group>"; };
		3D2A124F28903F8300F878C5 /* YoutubeSearchResponse.swift */ = {isa = PBXFileReference; lastKnownFileType = sourcecode.swift; path = YoutubeSearchResponse.swift; sourceTree = "<group>"; };
		3D3C01AE2891244C002220F9 /* TitlePreviewViewController.swift */ = {isa = PBXFileReference; lastKnownFileType = sourcecode.swift; path = TitlePreviewViewController.swift; sourceTree = "<group>"; };
		3DADE6AC288D6DF4000C4EBE /* HeroheaderUIView.swift */ = {isa = PBXFileReference; lastKnownFileType = sourcecode.swift; path = HeroheaderUIView.swift; sourceTree = "<group>"; };
		3DFF4CDD2887D2B400D2F90D /* Netflix Clone.app */ = {isa = PBXFileReference; explicitFileType = wrapper.application; includeInIndex = 0; path = "Netflix Clone.app"; sourceTree = BUILT_PRODUCTS_DIR; };
		3DFF4CE02887D2B400D2F90D /* AppDelegate.swift */ = {isa = PBXFileReference; lastKnownFileType = sourcecode.swift; path = AppDelegate.swift; sourceTree = "<group>"; };
		3DFF4CE22887D2B400D2F90D /* SceneDelegate.swift */ = {isa = PBXFileReference; lastKnownFileType = sourcecode.swift; path = SceneDelegate.swift; sourceTree = "<group>"; };
		3DFF4CE42887D2B400D2F90D /* MainTabBarViewController.swift */ = {isa = PBXFileReference; lastKnownFileType = sourcecode.swift; path = MainTabBarViewController.swift; sourceTree = "<group>"; };
		3DFF4CE92887D2B600D2F90D /* Assets.xcassets */ = {isa = PBXFileReference; lastKnownFileType = folder.assetcatalog; path = Assets.xcassets; sourceTree = "<group>"; };
		3DFF4CEC2887D2B600D2F90D /* Base */ = {isa = PBXFileReference; lastKnownFileType = file.storyboard; name = Base; path = Base.lproj/LaunchScreen.storyboard; sourceTree = "<group>"; };
		3DFF4CEE2887D2B600D2F90D /* Info.plist */ = {isa = PBXFileReference; lastKnownFileType = text.plist.xml; path = Info.plist; sourceTree = "<group>"; };
		3DFF4CF5288AA7F200D2F90D /* HomeViewController.swift */ = {isa = PBXFileReference; lastKnownFileType = sourcecode.swift; path = HomeViewController.swift; sourceTree = "<group>"; };
		3DFF4CF7288AA87C00D2F90D /* UpcomingViewController.swift */ = {isa = PBXFileReference; lastKnownFileType = sourcecode.swift; path = UpcomingViewController.swift; sourceTree = "<group>"; };
		3DFF4CF9288AA89E00D2F90D /* SearchViewController.swift */ = {isa = PBXFileReference; lastKnownFileType = sourcecode.swift; path = SearchViewController.swift; sourceTree = "<group>"; };
		3DFF4CFB288AA8BB00D2F90D /* DownloadsViewController.swift */ = {isa = PBXFileReference; lastKnownFileType = sourcecode.swift; path = DownloadsViewController.swift; sourceTree = "<group>"; };
		3DFF4D02288ACE6300D2F90D /* CollectionTableViewCell.swift */ = {isa = PBXFileReference; lastKnownFileType = sourcecode.swift; path = CollectionTableViewCell.swift; sourceTree = "<group>"; };
/* End PBXFileReference section */

/* Begin PBXFrameworksBuildPhase section */
		3DFF4CDA2887D2B400D2F90D /* Frameworks */ = {
			isa = PBXFrameworksBuildPhase;
			buildActionMask = 2147483647;
			files = (
				3D07E41E288EF75700445429 /* SDWebImageMapKit in Frameworks */,
				3D07E41C288EF75700445429 /* SDWebImage in Frameworks */,
			);
			runOnlyForDeploymentPostprocessing = 0;
		};
/* End PBXFrameworksBuildPhase section */

/* Begin PBXGroup section */
		3D2A124D2890106300F878C5 /* Core */ = {
			isa = PBXGroup;
			children = (
				3DFF4CF5288AA7F200D2F90D /* HomeViewController.swift */,
				3DFF4CF7288AA87C00D2F90D /* UpcomingViewController.swift */,
				3DFF4CF9288AA89E00D2F90D /* SearchViewController.swift */,
				3DFF4CFB288AA8BB00D2F90D /* DownloadsViewController.swift */,
			);
			path = Core;
			sourceTree = "<group>";
		};
		3D2A124E289010A100F878C5 /* General */ = {
			isa = PBXGroup;
			children = (
				3D2A124B28900F2900F878C5 /* SearchResultsViewController.swift */,
				3D3C01AE2891244C002220F9 /* TitlePreviewViewController.swift */,
			);
			path = General;
			sourceTree = "<group>";
		};
		3DFF4CD42887D2B400D2F90D = {
			isa = PBXGroup;
			children = (
				3DFF4CDF2887D2B400D2F90D /* Netflix Clone */,
				3DFF4CDE2887D2B400D2F90D /* Products */,
			);
			sourceTree = "<group>";
		};
		3DFF4CDE2887D2B400D2F90D /* Products */ = {
			isa = PBXGroup;
			children = (
				3DFF4CDD2887D2B400D2F90D /* Netflix Clone.app */,
			);
			name = Products;
			sourceTree = "<group>";
		};
		3DFF4CDF2887D2B400D2F90D /* Netflix Clone */ = {
			isa = PBXGroup;
			children = (
				3DFF4D01288ACE2D00D2F90D /* Managers */,
				3DFF4D00288ACE2500D2F90D /* Resources */,
				3DFF4CFD288ACDD700D2F90D /* Models */,
				3DFF4CFE288ACDDD00D2F90D /* Views */,
				3DFF4CFF288ACDE700D2F90D /* ViewModels */,
				3DFF4CF4288AA7C400D2F90D /* Controllers */,
				3DFF4CE02887D2B400D2F90D /* AppDelegate.swift */,
				3DFF4CE22887D2B400D2F90D /* SceneDelegate.swift */,
				3DFF4CE42887D2B400D2F90D /* MainTabBarViewController.swift */,
				3DFF4CE92887D2B600D2F90D /* Assets.xcassets */,
				3DFF4CEB2887D2B600D2F90D /* LaunchScreen.storyboard */,
				3DFF4CEE2887D2B600D2F90D /* Info.plist */,
			);
			path = "Netflix Clone";
			sourceTree = "<group>";
		};
		3DFF4CF4288AA7C400D2F90D /* Controllers */ = {
			isa = PBXGroup;
			children = (
				3D2A124E289010A100F878C5 /* General */,
				3D2A124D2890106300F878C5 /* Core */,
			);
			path = Controllers;
			sourceTree = "<group>";
		};
		3DFF4CFD288ACDD700D2F90D /* Models */ = {
			isa = PBXGroup;
			children = (
				3D07E412288EB70D00445429 /* Title.swift */,
				3D2A124F28903F8300F878C5 /* YoutubeSearchResponse.swift */,
			);
			path = Models;
			sourceTree = "<group>";
		};
		3DFF4CFE288ACDDD00D2F90D /* Views */ = {
			isa = PBXGroup;
			children = (
				3DFF4D02288ACE6300D2F90D /* CollectionTableViewCell.swift */,
				3DADE6AC288D6DF4000C4EBE /* HeroheaderUIView.swift */,
				3D07E418288EF34200445429 /* TitleCollectionViewCell.swift */,
				3D2A1247288FC43300F878C5 /* TitleTableViewCell.swift */,
			);
			path = Views;
			sourceTree = "<group>";
		};
		3DFF4CFF288ACDE700D2F90D /* ViewModels */ = {
			isa = PBXGroup;
			children = (
				3D2A1249288FCB3E00F878C5 /* TitleViewModel.swift */,
			);
			path = ViewModels;
			sourceTree = "<group>";
		};
		3DFF4D00288ACE2500D2F90D /* Resources */ = {
			isa = PBXGroup;
			children = (
				3D07E414288ECCEF00445429 /* Extensions.swift */,
			);
			path = Resources;
			sourceTree = "<group>";
		};
		3DFF4D01288ACE2D00D2F90D /* Managers */ = {
			isa = PBXGroup;
			children = (
				3D07E410288EAE2600445429 /* APICaller.swift */,
			);
			path = Managers;
			sourceTree = "<group>";
		};
/* End PBXGroup section */

/* Begin PBXNativeTarget section */
		3DFF4CDC2887D2B400D2F90D /* Netflix Clone */ = {
			isa = PBXNativeTarget;
			buildConfigurationList = 3DFF4CF12887D2B600D2F90D /* Build configuration list for PBXNativeTarget "Netflix Clone" */;
			buildPhases = (
				3DFF4CD92887D2B400D2F90D /* Sources */,
				3DFF4CDA2887D2B400D2F90D /* Frameworks */,
				3DFF4CDB2887D2B400D2F90D /* Resources */,
			);
			buildRules = (
			);
			dependencies = (
			);
			name = "Netflix Clone";
			packageProductDependencies = (
				3D07E41B288EF75700445429 /* SDWebImage */,
				3D07E41D288EF75700445429 /* SDWebImageMapKit */,
			);
			productName = "Netflix Clone";
			productReference = 3DFF4CDD2887D2B400D2F90D /* Netflix Clone.app */;
			productType = "com.apple.product-type.application";
		};
/* End PBXNativeTarget section */

/* Begin PBXProject section */
		3DFF4CD52887D2B400D2F90D /* Project object */ = {
			isa = PBXProject;
			attributes = {
				BuildIndependentTargetsInParallel = 1;
				LastSwiftUpdateCheck = 1340;
				LastUpgradeCheck = 1340;
				TargetAttributes = {
					3DFF4CDC2887D2B400D2F90D = {
						CreatedOnToolsVersion = 13.4.1;
					};
				};
			};
			buildConfigurationList = 3DFF4CD82887D2B400D2F90D /* Build configuration list for PBXProject "Netflix Clone" */;
			compatibilityVersion = "Xcode 13.0";
			developmentRegion = en;
			hasScannedForEncodings = 0;
			knownRegions = (
				en,
				Base,
			);
			mainGroup = 3DFF4CD42887D2B400D2F90D;
			packageReferences = (
				3D07E41A288EF75700445429 /* XCRemoteSwiftPackageReference "SDWebImage" */,
			);
			productRefGroup = 3DFF4CDE2887D2B400D2F90D /* Products */;
			projectDirPath = "";
			projectRoot = "";
			targets = (
				3DFF4CDC2887D2B400D2F90D /* Netflix Clone */,
			);
		};
/* End PBXProject section */

/* Begin PBXResourcesBuildPhase section */
		3DFF4CDB2887D2B400D2F90D /* Resources */ = {
			isa = PBXResourcesBuildPhase;
			buildActionMask = 2147483647;
			files = (
				3DFF4CED2887D2B600D2F90D /* LaunchScreen.storyboard in Resources */,
				3DFF4CEA2887D2B600D2F90D /* Assets.xcassets in Resources */,
			);
			runOnlyForDeploymentPostprocessing = 0;
		};
/* End PBXResourcesBuildPhase section */

/* Begin PBXSourcesBuildPhase section */
		3DFF4CD92887D2B400D2F90D /* Sources */ = {
			isa = PBXSourcesBuildPhase;
			buildActionMask = 2147483647;
			files = (
				3D2A1248288FC43300F878C5 /* TitleTableViewCell.swift in Sources */,
				3DFF4CFA288AA89E00D2F90D /* SearchViewController.swift in Sources */,
				3D07E419288EF34200445429 /* TitleCollectionViewCell.swift in Sources */,
				3DFF4CE52887D2B400D2F90D /* MainTabBarViewController.swift in Sources */,
				3DFF4CFC288AA8BB00D2F90D /* DownloadsViewController.swift in Sources */,
				3D07E411288EAE2600445429 /* APICaller.swift in Sources */,
				3DFF4CE12887D2B400D2F90D /* AppDelegate.swift in Sources */,
				3DFF4CE32887D2B400D2F90D /* SceneDelegate.swift in Sources */,
				3DFF4CF8288AA87C00D2F90D /* UpcomingViewController.swift in Sources */,
				3D2A125028903F8300F878C5 /* YoutubeSearchResponse.swift in Sources */,
				3D2A124C28900F2900F878C5 /* SearchResultsViewController.swift in Sources */,
				3D07E415288ECCEF00445429 /* Extensions.swift in Sources */,
				3DFF4CF6288AA7F200D2F90D /* HomeViewController.swift in Sources */,
				3DADE6AD288D6DF4000C4EBE /* HeroheaderUIView.swift in Sources */,
				3D3C01AF2891244C002220F9 /* TitlePreviewViewController.swift in Sources */,
				3D07E413288EB70D00445429 /* Title.swift in Sources */,
				3DFF4D03288ACE6300D2F90D /* CollectionTableViewCell.swift in Sources */,
				3D2A124A288FCB3E00F878C5 /* TitleViewModel.swift in Sources */,
			);
			runOnlyForDeploymentPostprocessing = 0;
		};
/* End PBXSourcesBuildPhase section */

/* Begin PBXVariantGroup section */
		3DFF4CEB2887D2B600D2F90D /* LaunchScreen.storyboard */ = {
			isa = PBXVariantGroup;
			children = (
				3DFF4CEC2887D2B600D2F90D /* Base */,
			);
			name = LaunchScreen.storyboard;
			sourceTree = "<group>";
		};
/* End PBXVariantGroup section */

/* Begin XCBuildConfiguration section */
		3DFF4CEF2887D2B600D2F90D /* Debug */ = {
			isa = XCBuildConfiguration;
			buildSettings = {
				ALWAYS_SEARCH_USER_PATHS = NO;
				CLANG_ANALYZER_NONNULL = YES;
				CLANG_ANALYZER_NUMBER_OBJECT_CONVERSION = YES_AGGRESSIVE;
				CLANG_CXX_LANGUAGE_STANDARD = "gnu++17";
				CLANG_ENABLE_MODULES = YES;
				CLANG_ENABLE_OBJC_ARC = YES;
				CLANG_ENABLE_OBJC_WEAK = YES;
				CLANG_WARN_BLOCK_CAPTURE_AUTORELEASING = YES;
				CLANG_WARN_BOOL_CONVERSION = YES;
				CLANG_WARN_COMMA = YES;
				CLANG_WARN_CONSTANT_CONVERSION = YES;
				CLANG_WARN_DEPRECATED_OBJC_IMPLEMENTATIONS = YES;
				CLANG_WARN_DIRECT_OBJC_ISA_USAGE = YES_ERROR;
				CLANG_WARN_DOCUMENTATION_COMMENTS = YES;
				CLANG_WARN_EMPTY_BODY = YES;
				CLANG_WARN_ENUM_CONVERSION = YES;
				CLANG_WARN_INFINITE_RECURSION = YES;
				CLANG_WARN_INT_CONVERSION = YES;
				CLANG_WARN_NON_LITERAL_NULL_CONVERSION = YES;
				CLANG_WARN_OBJC_IMPLICIT_RETAIN_SELF = YES;
				CLANG_WARN_OBJC_LITERAL_CONVERSION = YES;
				CLANG_WARN_OBJC_ROOT_CLASS = YES_ERROR;
				CLANG_WARN_QUOTED_INCLUDE_IN_FRAMEWORK_HEADER = YES;
				CLANG_WARN_RANGE_LOOP_ANALYSIS = YES;
				CLANG_WARN_STRICT_PROTOTYPES = YES;
				CLANG_WARN_SUSPICIOUS_MOVE = YES;
				CLANG_WARN_UNGUARDED_AVAILABILITY = YES_AGGRESSIVE;
				CLANG_WARN_UNREACHABLE_CODE = YES;
				CLANG_WARN__DUPLICATE_METHOD_MATCH = YES;
				COPY_PHASE_STRIP = NO;
				DEBUG_INFORMATION_FORMAT = dwarf;
				ENABLE_STRICT_OBJC_MSGSEND = YES;
				ENABLE_TESTABILITY = YES;
				GCC_C_LANGUAGE_STANDARD = gnu11;
				GCC_DYNAMIC_NO_PIC = NO;
				GCC_NO_COMMON_BLOCKS = YES;
				GCC_OPTIMIZATION_LEVEL = 0;
				GCC_PREPROCESSOR_DEFINITIONS = (
					"DEBUG=1",
					"$(inherited)",
				);
				GCC_WARN_64_TO_32_BIT_CONVERSION = YES;
				GCC_WARN_ABOUT_RETURN_TYPE = YES_ERROR;
				GCC_WARN_UNDECLARED_SELECTOR = YES;
				GCC_WARN_UNINITIALIZED_AUTOS = YES_AGGRESSIVE;
				GCC_WARN_UNUSED_FUNCTION = YES;
				GCC_WARN_UNUSED_VARIABLE = YES;
				IPHONEOS_DEPLOYMENT_TARGET = 15.5;
				MTL_ENABLE_DEBUG_INFO = INCLUDE_SOURCE;
				MTL_FAST_MATH = YES;
				ONLY_ACTIVE_ARCH = YES;
				SDKROOT = iphoneos;
				SWIFT_ACTIVE_COMPILATION_CONDITIONS = DEBUG;
				SWIFT_OPTIMIZATION_LEVEL = "-Onone";
			};
			name = Debug;
		};
		3DFF4CF02887D2B600D2F90D /* Release */ = {
			isa = XCBuildConfiguration;
			buildSettings = {
				ALWAYS_SEARCH_USER_PATHS = NO;
				CLANG_ANALYZER_NONNULL = YES;
				CLANG_ANALYZER_NUMBER_OBJECT_CONVERSION = YES_AGGRESSIVE;
				CLANG_CXX_LANGUAGE_STANDARD = "gnu++17";
				CLANG_ENABLE_MODULES = YES;
				CLANG_ENABLE_OBJC_ARC = YES;
				CLANG_ENABLE_OBJC_WEAK = YES;
				CLANG_WARN_BLOCK_CAPTURE_AUTORELEASING = YES;
				CLANG_WARN_BOOL_CONVERSION = YES;
				CLANG_WARN_COMMA = YES;
				CLANG_WARN_CONSTANT_CONVERSION = YES;
				CLANG_WARN_DEPRECATED_OBJC_IMPLEMENTATIONS = YES;
				CLANG_WARN_DIRECT_OBJC_ISA_USAGE = YES_ERROR;
				CLANG_WARN_DOCUMENTATION_COMMENTS = YES;
				CLANG_WARN_EMPTY_BODY = YES;
				CLANG_WARN_ENUM_CONVERSION = YES;
				CLANG_WARN_INFINITE_RECURSION = YES;
				CLANG_WARN_INT_CONVERSION = YES;
				CLANG_WARN_NON_LITERAL_NULL_CONVERSION = YES;
				CLANG_WARN_OBJC_IMPLICIT_RETAIN_SELF = YES;
				CLANG_WARN_OBJC_LITERAL_CONVERSION = YES;
				CLANG_WARN_OBJC_ROOT_CLASS = YES_ERROR;
				CLANG_WARN_QUOTED_INCLUDE_IN_FRAMEWORK_HEADER = YES;
				CLANG_WARN_RANGE_LOOP_ANALYSIS = YES;
				CLANG_WARN_STRICT_PROTOTYPES = YES;
				CLANG_WARN_SUSPICIOUS_MOVE = YES;
				CLANG_WARN_UNGUARDED_AVAILABILITY = YES_AGGRESSIVE;
				CLANG_WARN_UNREACHABLE_CODE = YES;
				CLANG_WARN__DUPLICATE_METHOD_MATCH = YES;
				COPY_PHASE_STRIP = NO;
				DEBUG_INFORMATION_FORMAT = "dwarf-with-dsym";
				ENABLE_NS_ASSERTIONS = NO;
				ENABLE_STRICT_OBJC_MSGSEND = YES;
				GCC_C_LANGUAGE_STANDARD = gnu11;
				GCC_NO_COMMON_BLOCKS = YES;
				GCC_WARN_64_TO_32_BIT_CONVERSION = YES;
				GCC_WARN_ABOUT_RETURN_TYPE = YES_ERROR;
				GCC_WARN_UNDECLARED_SELECTOR = YES;
				GCC_WARN_UNINITIALIZED_AUTOS = YES_AGGRESSIVE;
				GCC_WARN_UNUSED_FUNCTION = YES;
				GCC_WARN_UNUSED_VARIABLE = YES;
				IPHONEOS_DEPLOYMENT_TARGET = 15.5;
				MTL_ENABLE_DEBUG_INFO = NO;
				MTL_FAST_MATH = YES;
				SDKROOT = iphoneos;
				SWIFT_COMPILATION_MODE = wholemodule;
				SWIFT_OPTIMIZATION_LEVEL = "-O";
				VALIDATE_PRODUCT = YES;
			};
			name = Release;
		};
		3DFF4CF22887D2B600D2F90D /* Debug */ = {
			isa = XCBuildConfiguration;
			buildSettings = {
				ASSETCATALOG_COMPILER_APPICON_NAME = AppIcon;
				ASSETCATALOG_COMPILER_GLOBAL_ACCENT_COLOR_NAME = AccentColor;
				CODE_SIGN_STYLE = Automatic;
				CURRENT_PROJECT_VERSION = 1;
				DEVELOPMENT_TEAM = 76US5KWZ6M;
				GENERATE_INFOPLIST_FILE = YES;
				INFOPLIST_FILE = "Netflix Clone/Info.plist";
				INFOPLIST_KEY_UIApplicationSupportsIndirectInputEvents = YES;
				INFOPLIST_KEY_UILaunchStoryboardName = LaunchScreen;
				INFOPLIST_KEY_UISupportedInterfaceOrientations_iPad = "UIInterfaceOrientationPortrait UIInterfaceOrientationPortraitUpsideDown UIInterfaceOrientationLandscapeLeft UIInterfaceOrientationLandscapeRight";
				INFOPLIST_KEY_UISupportedInterfaceOrientations_iPhone = "UIInterfaceOrientationPortrait UIInterfaceOrientationLandscapeLeft UIInterfaceOrientationLandscapeRight";
				LD_RUNPATH_SEARCH_PATHS = (
					"$(inherited)",
					"@executable_path/Frameworks",
				);
				MARKETING_VERSION = 1.0;
				PRODUCT_BUNDLE_IDENTIFIER = "com.vahid.Netflix-Clone";
				PRODUCT_NAME = "$(TARGET_NAME)";
				SWIFT_EMIT_LOC_STRINGS = YES;
				SWIFT_VERSION = 5.0;
				TARGETED_DEVICE_FAMILY = "1,2";
			};
			name = Debug;
		};
		3DFF4CF32887D2B600D2F90D /* Release */ = {
			isa = XCBuildConfiguration;
			buildSettings = {
				ASSETCATALOG_COMPILER_APPICON_NAME = AppIcon;
				ASSETCATALOG_COMPILER_GLOBAL_ACCENT_COLOR_NAME = AccentColor;
				CODE_SIGN_STYLE = Automatic;
				CURRENT_PROJECT_VERSION = 1;
				DEVELOPMENT_TEAM = 76US5KWZ6M;
				GENERATE_INFOPLIST_FILE = YES;
				INFOPLIST_FILE = "Netflix Clone/Info.plist";
				INFOPLIST_KEY_UIApplicationSupportsIndirectInputEvents = YES;
				INFOPLIST_KEY_UILaunchStoryboardName = LaunchScreen;
				INFOPLIST_KEY_UISupportedInterfaceOrientations_iPad = "UIInterfaceOrientationPortrait UIInterfaceOrientationPortraitUpsideDown UIInterfaceOrientationLandscapeLeft UIInterfaceOrientationLandscapeRight";
				INFOPLIST_KEY_UISupportedInterfaceOrientations_iPhone = "UIInterfaceOrientationPortrait UIInterfaceOrientationLandscapeLeft UIInterfaceOrientationLandscapeRight";
				LD_RUNPATH_SEARCH_PATHS = (
					"$(inherited)",
					"@executable_path/Frameworks",
				);
				MARKETING_VERSION = 1.0;
				PRODUCT_BUNDLE_IDENTIFIER = "com.vahid.Netflix-Clone";
				PRODUCT_NAME = "$(TARGET_NAME)";
				SWIFT_EMIT_LOC_STRINGS = YES;
				SWIFT_VERSION = 5.0;
				TARGETED_DEVICE_FAMILY = "1,2";
			};
			name = Release;
		};
/* End XCBuildConfiguration section */

/* Begin XCConfigurationList section */
		3DFF4CD82887D2B400D2F90D /* Build configuration list for PBXProject "Netflix Clone" */ = {
			isa = XCConfigurationList;
			buildConfigurations = (
				3DFF4CEF2887D2B600D2F90D /* Debug */,
				3DFF4CF02887D2B600D2F90D /* Release */,
			);
			defaultConfigurationIsVisible = 0;
			defaultConfigurationName = Release;
		};
		3DFF4CF12887D2B600D2F90D /* Build configuration list for PBXNativeTarget "Netflix Clone" */ = {
			isa = XCConfigurationList;
			buildConfigurations = (
				3DFF4CF22887D2B600D2F90D /* Debug */,
				3DFF4CF32887D2B600D2F90D /* Release */,
			);
			defaultConfigurationIsVisible = 0;
			defaultConfigurationName = Release;
		};
/* End XCConfigurationList section */

/* Begin XCRemoteSwiftPackageReference section */
		3D07E41A288EF75700445429 /* XCRemoteSwiftPackageReference "SDWebImage" */ = {
			isa = XCRemoteSwiftPackageReference;
			repositoryURL = "https://github.com/SDWebImage/SDWebImage.git";
			requirement = {
				kind = upToNextMajorVersion;
				minimumVersion = 5.0.0;
			};
		};
/* End XCRemoteSwiftPackageReference section */

/* Begin XCSwiftPackageProductDependency section */
		3D07E41B288EF75700445429 /* SDWebImage */ = {
			isa = XCSwiftPackageProductDependency;
			package = 3D07E41A288EF75700445429 /* XCRemoteSwiftPackageReference "SDWebImage" */;
			productName = SDWebImage;
		};
		3D07E41D288EF75700445429 /* SDWebImageMapKit */ = {
			isa = XCSwiftPackageProductDependency;
			package = 3D07E41A288EF75700445429 /* XCRemoteSwiftPackageReference "SDWebImage" */;
			productName = SDWebImageMapKit;
		};
/* End XCSwiftPackageProductDependency section */
	};
	rootObject = 3DFF4CD52887D2B400D2F90D /* Project object */;
}
